
Microsoft Visual Studio Solution File, Format Version 12.00
# Visual Studio Version 17
VisualStudioVersion = 17.0.32112.339
MinimumVisualStudioVersion = 10.0.40219.1
Project("{FAE04EC0-301F-11D3-BF4B-00C04F79EFBC}") = "zabawy z null", "zabawy z null\zabawy z null.csproj", "{863A0AD4-BE98-40A1-A9F7-7FA54B9705A3}"
EndProject
Global
	GlobalSection(SolutionConfigurationPlatforms) = preSolution
		Debug|Any CPU = Debug|Any CPU
		Release|Any CPU = Release|Any CPU
	EndGlobalSection
	GlobalSection(ProjectConfigurationPlatforms) = postSolution
		{863A0AD4-BE98-40A1-A9F7-7FA54B9705A3}.Debug|Any CPU.ActiveCfg = Debug|Any CPU
		{863A0AD4-BE98-40A1-A9F7-7FA54B9705A3}.Debug|Any CPU.Build.0 = Debug|Any CPU
		{863A0AD4-BE98-40A1-A9F7-7FA54B9705A3}.Release|Any CPU.ActiveCfg = Release|Any CPU
		{863A0AD4-BE98-40A1-A9F7-7FA54B9705A3}.Release|Any CPU.Build.0 = Release|Any CPU
	EndGlobalSection
	GlobalSection(SolutionProperties) = preSolution
		HideSolutionNode = FALSE
	EndGlobalSection
	GlobalSection(ExtensibilityGlobals) = postSolution
		SolutionGuid = {5940ECF7-19A8-4E33-9354-1700B58B4CCC}
	EndGlobalSection
EndGlobal
