
Microsoft Visual Studio Solution File, Format Version 12.00
# Visual Studio Version 17
VisualStudioVersion = 17.3.32804.467
MinimumVisualStudioVersion = 10.0.40219.1
Project("{FAE04EC0-301F-11D3-BF4B-00C04F79EFBC}") = "Enum", "Enum\Enum.csproj", "{6ED0652B-4909-4C35-9779-7D5422AD9B0A}"
EndProject
Global
	GlobalSection(SolutionConfigurationPlatforms) = preSolution
		Debug|Any CPU = Debug|Any CPU
		Release|Any CPU = Release|Any CPU
	EndGlobalSection
	GlobalSection(ProjectConfigurationPlatforms) = postSolution
		{6ED0652B-4909-4C35-9779-7D5422AD9B0A}.Debug|Any CPU.ActiveCfg = Debug|Any CPU
		{6ED0652B-4909-4C35-9779-7D5422AD9B0A}.Debug|Any CPU.Build.0 = Debug|Any CPU
		{6ED0652B-4909-4C35-9779-7D5422AD9B0A}.Release|Any CPU.ActiveCfg = Release|Any CPU
		{6ED0652B-4909-4C35-9779-7D5422AD9B0A}.Release|Any CPU.Build.0 = Release|Any CPU
	EndGlobalSection
	GlobalSection(SolutionProperties) = preSolution
		HideSolutionNode = FALSE
	EndGlobalSection
	GlobalSection(ExtensibilityGlobals) = postSolution
		SolutionGuid = {BA0051EA-B375-4069-A548-62341229C483}
	EndGlobalSection
EndGlobal
