
Microsoft Visual Studio Solution File, Format Version 12.00
# Visual Studio Version 17
VisualStudioVersion = 17.0.32112.339
MinimumVisualStudioVersion = 10.0.40219.1
Project("{FAE04EC0-301F-11D3-BF4B-00C04F79EFBC}") = "switch", "switch\switch.csproj", "{27E973CC-5F5E-43D2-85F7-34DC9E4F954F}"
EndProject
Project("{FAE04EC0-301F-11D3-BF4B-00C04F79EFBC}") = "switch1", "switch1\switch1.csproj", "{09AFCAFE-9A46-46A3-B4EA-D64804DA8E24}"
EndProject
Project("{FAE04EC0-301F-11D3-BF4B-00C04F79EFBC}") = "свитч", "свитч\свитч.csproj", "{B99ECF98-AC46-432F-9218-6E102B029F30}"
EndProject
Global
	GlobalSection(SolutionConfigurationPlatforms) = preSolution
		Debug|Any CPU = Debug|Any CPU
		Release|Any CPU = Release|Any CPU
	EndGlobalSection
	GlobalSection(ProjectConfigurationPlatforms) = postSolution
		{27E973CC-5F5E-43D2-85F7-34DC9E4F954F}.Debug|Any CPU.ActiveCfg = Debug|Any CPU
		{27E973CC-5F5E-43D2-85F7-34DC9E4F954F}.Debug|Any CPU.Build.0 = Debug|Any CPU
		{27E973CC-5F5E-43D2-85F7-34DC9E4F954F}.Release|Any CPU.ActiveCfg = Release|Any CPU
		{27E973CC-5F5E-43D2-85F7-34DC9E4F954F}.Release|Any CPU.Build.0 = Release|Any CPU
		{09AFCAFE-9A46-46A3-B4EA-D64804DA8E24}.Debug|Any CPU.ActiveCfg = Debug|Any CPU
		{09AFCAFE-9A46-46A3-B4EA-D64804DA8E24}.Debug|Any CPU.Build.0 = Debug|Any CPU
		{09AFCAFE-9A46-46A3-B4EA-D64804DA8E24}.Release|Any CPU.ActiveCfg = Release|Any CPU
		{09AFCAFE-9A46-46A3-B4EA-D64804DA8E24}.Release|Any CPU.Build.0 = Release|Any CPU
		{B99ECF98-AC46-432F-9218-6E102B029F30}.Debug|Any CPU.ActiveCfg = Debug|Any CPU
		{B99ECF98-AC46-432F-9218-6E102B029F30}.Debug|Any CPU.Build.0 = Debug|Any CPU
		{B99ECF98-AC46-432F-9218-6E102B029F30}.Release|Any CPU.ActiveCfg = Release|Any CPU
		{B99ECF98-AC46-432F-9218-6E102B029F30}.Release|Any CPU.Build.0 = Release|Any CPU
	EndGlobalSection
	GlobalSection(SolutionProperties) = preSolution
		HideSolutionNode = FALSE
	EndGlobalSection
	GlobalSection(ExtensibilityGlobals) = postSolution
		SolutionGuid = {C651BD5B-79EE-4E83-9E20-C4281FD01C52}
	EndGlobalSection
EndGlobal
