
Microsoft Visual Studio Solution File, Format Version 12.00
# Visual Studio Version 17
VisualStudioVersion = 17.3.32804.467
MinimumVisualStudioVersion = 10.0.40219.1
Project("{FAE04EC0-301F-11D3-BF4B-00C04F79EFBC}") = "сумма числа 561", "сумма числа 561\сумма числа 561.csproj", "{64058192-7214-40A4-88EF-28D0B6D63DF6}"
EndProject
Global
	GlobalSection(SolutionConfigurationPlatforms) = preSolution
		Debug|Any CPU = Debug|Any CPU
		Release|Any CPU = Release|Any CPU
	EndGlobalSection
	GlobalSection(ProjectConfigurationPlatforms) = postSolution
		{64058192-7214-40A4-88EF-28D0B6D63DF6}.Debug|Any CPU.ActiveCfg = Debug|Any CPU
		{64058192-7214-40A4-88EF-28D0B6D63DF6}.Debug|Any CPU.Build.0 = Debug|Any CPU
		{64058192-7214-40A4-88EF-28D0B6D63DF6}.Release|Any CPU.ActiveCfg = Release|Any CPU
		{64058192-7214-40A4-88EF-28D0B6D63DF6}.Release|Any CPU.Build.0 = Release|Any CPU
	EndGlobalSection
	GlobalSection(SolutionProperties) = preSolution
		HideSolutionNode = FALSE
	EndGlobalSection
	GlobalSection(ExtensibilityGlobals) = postSolution
		SolutionGuid = {0EC6B4A2-304B-4757-A51D-12211040551E}
	EndGlobalSection
EndGlobal
