
Microsoft Visual Studio Solution File, Format Version 12.00
# Visual Studio Version 17
VisualStudioVersion = 17.0.32112.339
MinimumVisualStudioVersion = 10.0.40219.1
Project("{FAE04EC0-301F-11D3-BF4B-00C04F79EFBC}") = "наименьший эемент массива", "наименьший эемент массива\наименьший эемент массива.csproj", "{E0C2A580-19C4-4498-B563-3B52E6AE6274}"
EndProject
Global
	GlobalSection(SolutionConfigurationPlatforms) = preSolution
		Debug|Any CPU = Debug|Any CPU
		Release|Any CPU = Release|Any CPU
	EndGlobalSection
	GlobalSection(ProjectConfigurationPlatforms) = postSolution
		{E0C2A580-19C4-4498-B563-3B52E6AE6274}.Debug|Any CPU.ActiveCfg = Debug|Any CPU
		{E0C2A580-19C4-4498-B563-3B52E6AE6274}.Debug|Any CPU.Build.0 = Debug|Any CPU
		{E0C2A580-19C4-4498-B563-3B52E6AE6274}.Release|Any CPU.ActiveCfg = Release|Any CPU
		{E0C2A580-19C4-4498-B563-3B52E6AE6274}.Release|Any CPU.Build.0 = Release|Any CPU
	EndGlobalSection
	GlobalSection(SolutionProperties) = preSolution
		HideSolutionNode = FALSE
	EndGlobalSection
	GlobalSection(ExtensibilityGlobals) = postSolution
		SolutionGuid = {C378DA7B-E7AA-41E1-AC47-6FA75E446354}
	EndGlobalSection
EndGlobal
